
Microsoft Visual Studio Solution File, Format Version 12.00
# Visual Studio 15
VisualStudioVersion = 15.0.27130.2027
MinimumVisualStudioVersion = 10.0.40219.1
Project("{FAE04EC0-301F-11D3-BF4B-00C04F79EFBC}") = "GeneratorPlugin", "GeneratorPlugin\GeneratorPlugin.csproj", "{D24BC37F-09A9-445B-8F5C-8D6E2980380A}"
EndProject
Global
	GlobalSection(SolutionConfigurationPlatforms) = preSolution
		Debug|Any CPU = Debug|Any CPU
		Release|Any CPU = Release|Any CPU
	EndGlobalSection
	GlobalSection(ProjectConfigurationPlatforms) = postSolution
		{D24BC37F-09A9-445B-8F5C-8D6E2980380A}.Debug|Any CPU.ActiveCfg = Debug|Any CPU
		{D24BC37F-09A9-445B-8F5C-8D6E2980380A}.Debug|Any CPU.Build.0 = Debug|Any CPU
		{D24BC37F-09A9-445B-8F5C-8D6E2980380A}.Release|Any CPU.ActiveCfg = Release|Any CPU
		{D24BC37F-09A9-445B-8F5C-8D6E2980380A}.Release|Any CPU.Build.0 = Release|Any CPU
	EndGlobalSection
	GlobalSection(SolutionProperties) = preSolution
		HideSolutionNode = FALSE
	EndGlobalSection
	GlobalSection(ExtensibilityGlobals) = postSolution
		SolutionGuid = {452681DA-5E7F-459D-A004-C5BF50E089B9}
	EndGlobalSection
EndGlobal
